
Microsoft Visual Studio Solution File, Format Version 12.00
# Visual Studio Version 16
VisualStudioVersion = 16.0.32630.195
MinimumVisualStudioVersion = 10.0.40219.1
Project("{FAE04EC0-301F-11D3-BF4B-00C04F79EFBC}") = "AVANCE2", "AVANCE2\AVANCE2.csproj", "{C81DB6B4-916A-42C8-A580-DC5A9BAA5CD8}"
EndProject
Global
	GlobalSection(SolutionConfigurationPlatforms) = preSolution
		Debug|Any CPU = Debug|Any CPU
		Release|Any CPU = Release|Any CPU
	EndGlobalSection
	GlobalSection(ProjectConfigurationPlatforms) = postSolution
		{C81DB6B4-916A-42C8-A580-DC5A9BAA5CD8}.Debug|Any CPU.ActiveCfg = Debug|Any CPU
		{C81DB6B4-916A-42C8-A580-DC5A9BAA5CD8}.Debug|Any CPU.Build.0 = Debug|Any CPU
		{C81DB6B4-916A-42C8-A580-DC5A9BAA5CD8}.Release|Any CPU.ActiveCfg = Release|Any CPU
		{C81DB6B4-916A-42C8-A580-DC5A9BAA5CD8}.Release|Any CPU.Build.0 = Release|Any CPU
	EndGlobalSection
	GlobalSection(SolutionProperties) = preSolution
		HideSolutionNode = FALSE
	EndGlobalSection
	GlobalSection(ExtensibilityGlobals) = postSolution
		SolutionGuid = {970F5F84-F4D3-457B-95DC-05B9E32E0ED9}
	EndGlobalSection
EndGlobal
